// !$*UTF8*$!
{
	archiveVersion = 1;
	classes = {
	};
	objectVersion = 56;
	objects = {

/* Begin PBXBuildFile section */
		AD00720B2B755A0700E14C34 /* StatusCode.swift in Sources */ = {isa = PBXBuildFile; fileRef = AD00720A2B755A0700E14C34 /* StatusCode.swift */; };
		AD00720D2B75754400E14C34 /* Network.swift in Sources */ = {isa = PBXBuildFile; fileRef = AD00720C2B75754400E14C34 /* Network.swift */; };
		AD0072102B7575B100E14C34 /* KeychainSwift in Frameworks */ = {isa = PBXBuildFile; productRef = AD00720F2B7575B100E14C34 /* KeychainSwift */; };
		AD1499652B72954E007DAB97 /* TestScen.swift in Sources */ = {isa = PBXBuildFile; fileRef = AD1499642B72954E007DAB97 /* TestScen.swift */; };
		AD47DA7F2B700EF90041C460 /* CardWordsItem.swift in Sources */ = {isa = PBXBuildFile; fileRef = AD47DA7E2B700EF90041C460 /* CardWordsItem.swift */; };
		AD47DA812B70190C0041C460 /* CardWordsView.swift in Sources */ = {isa = PBXBuildFile; fileRef = AD47DA802B70190C0041C460 /* CardWordsView.swift */; };
		AD4A2DE42B766D9300A5B5A7 /* CoreDataManager.swift in Sources */ = {isa = PBXBuildFile; fileRef = AD4A2DE32B766D9300A5B5A7 /* CoreDataManager.swift */; };
		AD4A2DE72B76822100A5B5A7 /* SDWebImageSwiftUI in Frameworks */ = {isa = PBXBuildFile; productRef = AD4A2DE62B76822100A5B5A7 /* SDWebImageSwiftUI */; };
		AD4A2DEA2B76CD6800A5B5A7 /* SnapCarousel.swift in Sources */ = {isa = PBXBuildFile; fileRef = AD4A2DE92B76CD6800A5B5A7 /* SnapCarousel.swift */; };
		AD5753542B52BA3300FA7683 /* IArabicApp.swift in Sources */ = {isa = PBXBuildFile; fileRef = AD5753532B52BA3300FA7683 /* IArabicApp.swift */; };
		AD5753562B52BA3300FA7683 /* ContentView.swift in Sources */ = {isa = PBXBuildFile; fileRef = AD5753552B52BA3300FA7683 /* ContentView.swift */; };
		AD5753582B52BA3400FA7683 /* Assets.xcassets in Resources */ = {isa = PBXBuildFile; fileRef = AD5753572B52BA3400FA7683 /* Assets.xcassets */; };
		AD57535B2B52BA3400FA7683 /* Preview Assets.xcassets in Resources */ = {isa = PBXBuildFile; fileRef = AD57535A2B52BA3400FA7683 /* Preview Assets.xcassets */; };
		AD57535D2B52BA3400FA7683 /* Persistence.swift in Sources */ = {isa = PBXBuildFile; fileRef = AD57535C2B52BA3400FA7683 /* Persistence.swift */; };
		AD5753602B52BA3400FA7683 /* IArabic.xcdatamodeld in Sources */ = {isa = PBXBuildFile; fileRef = AD57535E2B52BA3400FA7683 /* IArabic.xcdatamodeld */; };
		AD59A9C22B73D0DB0061C0E3 /* NewWordView.swift in Sources */ = {isa = PBXBuildFile; fileRef = AD59A9C12B73D0DB0061C0E3 /* NewWordView.swift */; };
		ADA795042B52C044003B14A9 /* CardsWordsRow.swift in Sources */ = {isa = PBXBuildFile; fileRef = ADA795032B52C044003B14A9 /* CardsWordsRow.swift */; };
		ADA795072B52C269003B14A9 /* CustomTabBar.swift in Sources */ = {isa = PBXBuildFile; fileRef = ADA795062B52C269003B14A9 /* CustomTabBar.swift */; };
		ADA7950B2B52C347003B14A9 /* Tab.swift in Sources */ = {isa = PBXBuildFile; fileRef = ADA7950A2B52C347003B14A9 /* Tab.swift */; };
		ADB0FC212B77D4F7001153DA /* ImagrPicker.swift in Sources */ = {isa = PBXBuildFile; fileRef = ADB0FC202B77D4F7001153DA /* ImagrPicker.swift */; };
		ADB0FC232B77F3E7001153DA /* NewWordViewCustomView.swift in Sources */ = {isa = PBXBuildFile; fileRef = ADB0FC222B77F3E7001153DA /* NewWordViewCustomView.swift */; };
		ADB0FC262B780909001153DA /* NewWordViewModel.swift in Sources */ = {isa = PBXBuildFile; fileRef = ADB0FC252B780909001153DA /* NewWordViewModel.swift */; };
		ADB0FC292B7818AC001153DA /* Keys.swift in Sources */ = {isa = PBXBuildFile; fileRef = ADB0FC282B7818AC001153DA /* Keys.swift */; };
		ADB892542B5BD24D0001C18C /* CardWordsModel.swift in Sources */ = {isa = PBXBuildFile; fileRef = ADB892532B5BD24D0001C18C /* CardWordsModel.swift */; };
		ADBA06622B70F7DA004BCF69 /* Montserrat-LightItalic.ttf in Resources */ = {isa = PBXBuildFile; fileRef = ADBA06502B70F7DA004BCF69 /* Montserrat-LightItalic.ttf */; };
		ADBA06632B70F7DA004BCF69 /* Montserrat-Medium.ttf in Resources */ = {isa = PBXBuildFile; fileRef = ADBA06512B70F7DA004BCF69 /* Montserrat-Medium.ttf */; };
		ADBA06642B70F7DA004BCF69 /* Montserrat-BoldItalic.ttf in Resources */ = {isa = PBXBuildFile; fileRef = ADBA06522B70F7DA004BCF69 /* Montserrat-BoldItalic.ttf */; };
		ADBA06652B70F7DA004BCF69 /* Montserrat-Light.ttf in Resources */ = {isa = PBXBuildFile; fileRef = ADBA06532B70F7DA004BCF69 /* Montserrat-Light.ttf */; };
		ADBA06662B70F7DA004BCF69 /* Montserrat-ThinItalic.ttf in Resources */ = {isa = PBXBuildFile; fileRef = ADBA06542B70F7DA004BCF69 /* Montserrat-ThinItalic.ttf */; };
		ADBA06672B70F7DA004BCF69 /* Montserrat-ExtraLight.ttf in Resources */ = {isa = PBXBuildFile; fileRef = ADBA06552B70F7DA004BCF69 /* Montserrat-ExtraLight.ttf */; };
		ADBA06682B70F7DA004BCF69 /* Montserrat-Thin.ttf in Resources */ = {isa = PBXBuildFile; fileRef = ADBA06562B70F7DA004BCF69 /* Montserrat-Thin.ttf */; };
		ADBA06692B70F7DA004BCF69 /* Montserrat-Bold.ttf in Resources */ = {isa = PBXBuildFile; fileRef = ADBA06572B70F7DA004BCF69 /* Montserrat-Bold.ttf */; };
		ADBA066A2B70F7DA004BCF69 /* Montserrat-MediumItalic.ttf in Resources */ = {isa = PBXBuildFile; fileRef = ADBA06582B70F7DA004BCF69 /* Montserrat-MediumItalic.ttf */; };
		ADBA066B2B70F7DA004BCF69 /* Montserrat-BlackItalic.ttf in Resources */ = {isa = PBXBuildFile; fileRef = ADBA06592B70F7DA004BCF69 /* Montserrat-BlackItalic.ttf */; };
		ADBA066C2B70F7DA004BCF69 /* Montserrat-SemiBold.ttf in Resources */ = {isa = PBXBuildFile; fileRef = ADBA065A2B70F7DA004BCF69 /* Montserrat-SemiBold.ttf */; };
		ADBA066D2B70F7DA004BCF69 /* Montserrat-ExtraLightItalic.ttf in Resources */ = {isa = PBXBuildFile; fileRef = ADBA065B2B70F7DA004BCF69 /* Montserrat-ExtraLightItalic.ttf */; };
		ADBA066E2B70F7DA004BCF69 /* Montserrat-ExtraBold.ttf in Resources */ = {isa = PBXBuildFile; fileRef = ADBA065C2B70F7DA004BCF69 /* Montserrat-ExtraBold.ttf */; };
		ADBA066F2B70F7DA004BCF69 /* Montserrat-Black.ttf in Resources */ = {isa = PBXBuildFile; fileRef = ADBA065D2B70F7DA004BCF69 /* Montserrat-Black.ttf */; };
		ADBA06702B70F7DA004BCF69 /* Montserrat-Regular.ttf in Resources */ = {isa = PBXBuildFile; fileRef = ADBA065E2B70F7DA004BCF69 /* Montserrat-Regular.ttf */; };
		ADBA06712B70F7DA004BCF69 /* Montserrat-Italic.ttf in Resources */ = {isa = PBXBuildFile; fileRef = ADBA065F2B70F7DA004BCF69 /* Montserrat-Italic.ttf */; };
		ADBA06722B70F7DA004BCF69 /* Montserrat-SemiBoldItalic.ttf in Resources */ = {isa = PBXBuildFile; fileRef = ADBA06602B70F7DA004BCF69 /* Montserrat-SemiBoldItalic.ttf */; };
		ADBA06732B70F7DA004BCF69 /* Montserrat-ExtraBoldItalic.ttf in Resources */ = {isa = PBXBuildFile; fileRef = ADBA06612B70F7DA004BCF69 /* Montserrat-ExtraBoldItalic.ttf */; };
		ADBA06762B70FA25004BCF69 /* Ext+Color.swift in Sources */ = {isa = PBXBuildFile; fileRef = ADBA06752B70FA25004BCF69 /* Ext+Color.swift */; };
		ADBA06782B70FB2F004BCF69 /* Ext+Fonts.swift in Sources */ = {isa = PBXBuildFile; fileRef = ADBA06772B70FB2F004BCF69 /* Ext+Fonts.swift */; };
/* End PBXBuildFile section */

/* Begin PBXFileReference section */
		AD00720A2B755A0700E14C34 /* StatusCode.swift */ = {isa = PBXFileReference; lastKnownFileType = sourcecode.swift; path = StatusCode.swift; sourceTree = "<group>"; };
		AD00720C2B75754400E14C34 /* Network.swift */ = {isa = PBXFileReference; lastKnownFileType = sourcecode.swift; path = Network.swift; sourceTree = "<group>"; };
		AD1499642B72954E007DAB97 /* TestScen.swift */ = {isa = PBXFileReference; lastKnownFileType = sourcecode.swift; path = TestScen.swift; sourceTree = "<group>"; };
		AD47DA7E2B700EF90041C460 /* CardWordsItem.swift */ = {isa = PBXFileReference; lastKnownFileType = sourcecode.swift; path = CardWordsItem.swift; sourceTree = "<group>"; };
		AD47DA802B70190C0041C460 /* CardWordsView.swift */ = {isa = PBXFileReference; lastKnownFileType = sourcecode.swift; path = CardWordsView.swift; sourceTree = "<group>"; };
		AD4A2DE32B766D9300A5B5A7 /* CoreDataManager.swift */ = {isa = PBXFileReference; lastKnownFileType = sourcecode.swift; path = CoreDataManager.swift; sourceTree = "<group>"; };
		AD4A2DE92B76CD6800A5B5A7 /* SnapCarousel.swift */ = {isa = PBXFileReference; lastKnownFileType = sourcecode.swift; path = SnapCarousel.swift; sourceTree = "<group>"; };
		AD5753502B52BA3300FA7683 /* IArabic.app */ = {isa = PBXFileReference; explicitFileType = wrapper.application; includeInIndex = 0; path = IArabic.app; sourceTree = BUILT_PRODUCTS_DIR; };
		AD5753532B52BA3300FA7683 /* IArabicApp.swift */ = {isa = PBXFileReference; lastKnownFileType = sourcecode.swift; path = IArabicApp.swift; sourceTree = "<group>"; };
		AD5753552B52BA3300FA7683 /* ContentView.swift */ = {isa = PBXFileReference; lastKnownFileType = sourcecode.swift; path = ContentView.swift; sourceTree = "<group>"; };
		AD5753572B52BA3400FA7683 /* Assets.xcassets */ = {isa = PBXFileReference; lastKnownFileType = folder.assetcatalog; path = Assets.xcassets; sourceTree = "<group>"; };
		AD57535A2B52BA3400FA7683 /* Preview Assets.xcassets */ = {isa = PBXFileReference; lastKnownFileType = folder.assetcatalog; path = "Preview Assets.xcassets"; sourceTree = "<group>"; };
		AD57535C2B52BA3400FA7683 /* Persistence.swift */ = {isa = PBXFileReference; lastKnownFileType = sourcecode.swift; path = Persistence.swift; sourceTree = "<group>"; };
		AD57535F2B52BA3400FA7683 /* IArabic.xcdatamodel */ = {isa = PBXFileReference; lastKnownFileType = wrapper.xcdatamodel; path = IArabic.xcdatamodel; sourceTree = "<group>"; };
		AD59A9C12B73D0DB0061C0E3 /* NewWordView.swift */ = {isa = PBXFileReference; lastKnownFileType = sourcecode.swift; path = NewWordView.swift; sourceTree = "<group>"; };
		ADA795032B52C044003B14A9 /* CardsWordsRow.swift */ = {isa = PBXFileReference; lastKnownFileType = sourcecode.swift; path = CardsWordsRow.swift; sourceTree = "<group>"; };
		ADA795062B52C269003B14A9 /* CustomTabBar.swift */ = {isa = PBXFileReference; lastKnownFileType = sourcecode.swift; path = CustomTabBar.swift; sourceTree = "<group>"; };
		ADA7950A2B52C347003B14A9 /* Tab.swift */ = {isa = PBXFileReference; lastKnownFileType = sourcecode.swift; path = Tab.swift; sourceTree = "<group>"; };
		ADB0FC202B77D4F7001153DA /* ImagrPicker.swift */ = {isa = PBXFileReference; lastKnownFileType = sourcecode.swift; path = ImagrPicker.swift; sourceTree = "<group>"; };
		ADB0FC222B77F3E7001153DA /* NewWordViewCustomView.swift */ = {isa = PBXFileReference; lastKnownFileType = sourcecode.swift; path = NewWordViewCustomView.swift; sourceTree = "<group>"; };
		ADB0FC252B780909001153DA /* NewWordViewModel.swift */ = {isa = PBXFileReference; lastKnownFileType = sourcecode.swift; path = NewWordViewModel.swift; sourceTree = "<group>"; };
		ADB0FC282B7818AC001153DA /* Keys.swift */ = {isa = PBXFileReference; lastKnownFileType = sourcecode.swift; path = Keys.swift; sourceTree = "<group>"; };
		ADB892532B5BD24D0001C18C /* CardWordsModel.swift */ = {isa = PBXFileReference; lastKnownFileType = sourcecode.swift; path = CardWordsModel.swift; sourceTree = "<group>"; };
		ADBA06502B70F7DA004BCF69 /* Montserrat-LightItalic.ttf */ = {isa = PBXFileReference; lastKnownFileType = file; path = "Montserrat-LightItalic.ttf"; sourceTree = "<group>"; };
		ADBA06512B70F7DA004BCF69 /* Montserrat-Medium.ttf */ = {isa = PBXFileReference; lastKnownFileType = file; path = "Montserrat-Medium.ttf"; sourceTree = "<group>"; };
		ADBA06522B70F7DA004BCF69 /* Montserrat-BoldItalic.ttf */ = {isa = PBXFileReference; lastKnownFileType = file; path = "Montserrat-BoldItalic.ttf"; sourceTree = "<group>"; };
		ADBA06532B70F7DA004BCF69 /* Montserrat-Light.ttf */ = {isa = PBXFileReference; lastKnownFileType = file; path = "Montserrat-Light.ttf"; sourceTree = "<group>"; };
		ADBA06542B70F7DA004BCF69 /* Montserrat-ThinItalic.ttf */ = {isa = PBXFileReference; lastKnownFileType = file; path = "Montserrat-ThinItalic.ttf"; sourceTree = "<group>"; };
		ADBA06552B70F7DA004BCF69 /* Montserrat-ExtraLight.ttf */ = {isa = PBXFileReference; lastKnownFileType = file; path = "Montserrat-ExtraLight.ttf"; sourceTree = "<group>"; };
		ADBA06562B70F7DA004BCF69 /* Montserrat-Thin.ttf */ = {isa = PBXFileReference; lastKnownFileType = file; path = "Montserrat-Thin.ttf"; sourceTree = "<group>"; };
		ADBA06572B70F7DA004BCF69 /* Montserrat-Bold.ttf */ = {isa = PBXFileReference; lastKnownFileType = file; path = "Montserrat-Bold.ttf"; sourceTree = "<group>"; };
		ADBA06582B70F7DA004BCF69 /* Montserrat-MediumItalic.ttf */ = {isa = PBXFileReference; lastKnownFileType = file; path = "Montserrat-MediumItalic.ttf"; sourceTree = "<group>"; };
		ADBA06592B70F7DA004BCF69 /* Montserrat-BlackItalic.ttf */ = {isa = PBXFileReference; lastKnownFileType = file; path = "Montserrat-BlackItalic.ttf"; sourceTree = "<group>"; };
		ADBA065A2B70F7DA004BCF69 /* Montserrat-SemiBold.ttf */ = {isa = PBXFileReference; lastKnownFileType = file; path = "Montserrat-SemiBold.ttf"; sourceTree = "<group>"; };
		ADBA065B2B70F7DA004BCF69 /* Montserrat-ExtraLightItalic.ttf */ = {isa = PBXFileReference; lastKnownFileType = file; path = "Montserrat-ExtraLightItalic.ttf"; sourceTree = "<group>"; };
		ADBA065C2B70F7DA004BCF69 /* Montserrat-ExtraBold.ttf */ = {isa = PBXFileReference; lastKnownFileType = file; path = "Montserrat-ExtraBold.ttf"; sourceTree = "<group>"; };
		ADBA065D2B70F7DA004BCF69 /* Montserrat-Black.ttf */ = {isa = PBXFileReference; lastKnownFileType = file; path = "Montserrat-Black.ttf"; sourceTree = "<group>"; };
		ADBA065E2B70F7DA004BCF69 /* Montserrat-Regular.ttf */ = {isa = PBXFileReference; lastKnownFileType = file; path = "Montserrat-Regular.ttf"; sourceTree = "<group>"; };
		ADBA065F2B70F7DA004BCF69 /* Montserrat-Italic.ttf */ = {isa = PBXFileReference; lastKnownFileType = file; path = "Montserrat-Italic.ttf"; sourceTree = "<group>"; };
		ADBA06602B70F7DA004BCF69 /* Montserrat-SemiBoldItalic.ttf */ = {isa = PBXFileReference; lastKnownFileType = file; path = "Montserrat-SemiBoldItalic.ttf"; sourceTree = "<group>"; };
		ADBA06612B70F7DA004BCF69 /* Montserrat-ExtraBoldItalic.ttf */ = {isa = PBXFileReference; lastKnownFileType = file; path = "Montserrat-ExtraBoldItalic.ttf"; sourceTree = "<group>"; };
		ADBA06742B70F98F004BCF69 /* Info.plist */ = {isa = PBXFileReference; lastKnownFileType = text.plist; path = Info.plist; sourceTree = "<group>"; };
		ADBA06752B70FA25004BCF69 /* Ext+Color.swift */ = {isa = PBXFileReference; lastKnownFileType = sourcecode.swift; path = "Ext+Color.swift"; sourceTree = "<group>"; };
		ADBA06772B70FB2F004BCF69 /* Ext+Fonts.swift */ = {isa = PBXFileReference; lastKnownFileType = sourcecode.swift; path = "Ext+Fonts.swift"; sourceTree = "<group>"; };
/* End PBXFileReference section */

/* Begin PBXFrameworksBuildPhase section */
		AD57534D2B52BA3300FA7683 /* Frameworks */ = {
			isa = PBXFrameworksBuildPhase;
			buildActionMask = 2147483647;
			files = (
				AD4A2DE72B76822100A5B5A7 /* SDWebImageSwiftUI in Frameworks */,
				AD0072102B7575B100E14C34 /* KeychainSwift in Frameworks */,
			);
			runOnlyForDeploymentPostprocessing = 0;
		};
/* End PBXFrameworksBuildPhase section */

/* Begin PBXGroup section */
		AD0072082B75574B00E14C34 /* Network */ = {
			isa = PBXGroup;
			children = (
				AD00720C2B75754400E14C34 /* Network.swift */,
				AD0072092B7559E600E14C34 /* Error */,
			);
			path = Network;
			sourceTree = "<group>";
		};
		AD0072092B7559E600E14C34 /* Error */ = {
			isa = PBXGroup;
			children = (
				AD00720A2B755A0700E14C34 /* StatusCode.swift */,
			);
			path = Error;
			sourceTree = "<group>";
		};
		AD4A2DE12B766B2700A5B5A7 /* DataBase */ = {
			isa = PBXGroup;
			children = (
				AD4A2DE22B766D7500A5B5A7 /* CoreDataManager */,
			);
			path = DataBase;
			sourceTree = "<group>";
		};
		AD4A2DE22B766D7500A5B5A7 /* CoreDataManager */ = {
			isa = PBXGroup;
			children = (
				AD4A2DE32B766D9300A5B5A7 /* CoreDataManager.swift */,
			);
			path = CoreDataManager;
			sourceTree = "<group>";
		};
		AD4A2DE82B76CD5300A5B5A7 /* Custom */ = {
			isa = PBXGroup;
			children = (
				AD4A2DE92B76CD6800A5B5A7 /* SnapCarousel.swift */,
				ADB0FC222B77F3E7001153DA /* NewWordViewCustomView.swift */,
			);
			path = Custom;
			sourceTree = "<group>";
		};
		AD5753472B52BA3300FA7683 = {
			isa = PBXGroup;
			children = (
				AD5753522B52BA3300FA7683 /* IArabic */,
				AD5753512B52BA3300FA7683 /* Products */,
			);
			sourceTree = "<group>";
		};
		AD5753512B52BA3300FA7683 /* Products */ = {
			isa = PBXGroup;
			children = (
				AD5753502B52BA3300FA7683 /* IArabic.app */,
			);
			name = Products;
			sourceTree = "<group>";
		};
		AD5753522B52BA3300FA7683 /* IArabic */ = {
			isa = PBXGroup;
			children = (
				ADB0FC272B78189C001153DA /* Keys */,
				AD4A2DE12B766B2700A5B5A7 /* DataBase */,
				AD0072082B75574B00E14C34 /* Network */,
				ADA795002B52BFF8003B14A9 /* CardsWords */,
				AD59A9BF2B73D0BF0061C0E3 /* NewWord */,
				ADA795052B52C22A003B14A9 /* TabView */,
				ADBA064D2B70F73B004BCF69 /* Common */,
				AD57535C2B52BA3400FA7683 /* Persistence.swift */,
				AD57535E2B52BA3400FA7683 /* IArabic.xcdatamodeld */,
				AD5753572B52BA3400FA7683 /* Assets.xcassets */,
				ADBA06742B70F98F004BCF69 /* Info.plist */,
				AD5753592B52BA3400FA7683 /* Preview Content */,
				AD1499642B72954E007DAB97 /* TestScen.swift */,
			);
			path = IArabic;
			sourceTree = "<group>";
		};
		AD5753592B52BA3400FA7683 /* Preview Content */ = {
			isa = PBXGroup;
			children = (
				AD57535A2B52BA3400FA7683 /* Preview Assets.xcassets */,
			);
			path = "Preview Content";
			sourceTree = "<group>";
		};
		AD59A9BF2B73D0BF0061C0E3 /* NewWord */ = {
			isa = PBXGroup;
			children = (
				ADB0FC242B7808F4001153DA /* ViewModel */,
				AD59A9C02B73D0C90061C0E3 /* View */,
			);
			path = NewWord;
			sourceTree = "<group>";
		};
		AD59A9C02B73D0C90061C0E3 /* View */ = {
			isa = PBXGroup;
			children = (
				AD59A9C12B73D0DB0061C0E3 /* NewWordView.swift */,
			);
			path = View;
			sourceTree = "<group>";
		};
		ADA795002B52BFF8003B14A9 /* CardsWords */ = {
			isa = PBXGroup;
			children = (
				ADB892522B5BD2320001C18C /* Model */,
				ADA795022B52C02C003B14A9 /* ViewModel */,
				ADA795012B52C01A003B14A9 /* View */,
			);
			path = CardsWords;
			sourceTree = "<group>";
		};
		ADA795012B52C01A003B14A9 /* View */ = {
			isa = PBXGroup;
			children = (
				AD47DA802B70190C0041C460 /* CardWordsView.swift */,
				ADA795032B52C044003B14A9 /* CardsWordsRow.swift */,
				AD47DA7E2B700EF90041C460 /* CardWordsItem.swift */,
			);
			path = View;
			sourceTree = "<group>";
		};
		ADA795022B52C02C003B14A9 /* ViewModel */ = {
			isa = PBXGroup;
			children = (
			);
			path = ViewModel;
			sourceTree = "<group>";
		};
		ADA795052B52C22A003B14A9 /* TabView */ = {
			isa = PBXGroup;
			children = (
				AD5753532B52BA3300FA7683 /* IArabicApp.swift */,
				AD5753552B52BA3300FA7683 /* ContentView.swift */,
				ADA795092B52C339003B14A9 /* View */,
				ADA795082B52C32C003B14A9 /* Model */,
			);
			path = TabView;
			sourceTree = "<group>";
		};
		ADA795082B52C32C003B14A9 /* Model */ = {
			isa = PBXGroup;
			children = (
				ADA7950A2B52C347003B14A9 /* Tab.swift */,
			);
			path = Model;
			sourceTree = "<group>";
		};
		ADA795092B52C339003B14A9 /* View */ = {
			isa = PBXGroup;
			children = (
				ADA795062B52C269003B14A9 /* CustomTabBar.swift */,
			);
			path = View;
			sourceTree = "<group>";
		};
		ADB0FC242B7808F4001153DA /* ViewModel */ = {
			isa = PBXGroup;
			children = (
				ADB0FC252B780909001153DA /* NewWordViewModel.swift */,
			);
			path = ViewModel;
			sourceTree = "<group>";
		};
		ADB0FC272B78189C001153DA /* Keys */ = {
			isa = PBXGroup;
			children = (
				ADB0FC282B7818AC001153DA /* Keys.swift */,
			);
			path = Keys;
			sourceTree = "<group>";
		};
		ADB892522B5BD2320001C18C /* Model */ = {
			isa = PBXGroup;
			children = (
				ADB892532B5BD24D0001C18C /* CardWordsModel.swift */,
			);
			path = Model;
			sourceTree = "<group>";
		};
		ADBA064D2B70F73B004BCF69 /* Common */ = {
			isa = PBXGroup;
			children = (
				AD4A2DE82B76CD5300A5B5A7 /* Custom */,
				ADBA06772B70FB2F004BCF69 /* Ext+Fonts.swift */,
				ADBA06752B70FA25004BCF69 /* Ext+Color.swift */,
				ADBA064E2B70F769004BCF69 /* Font */,
				ADB0FC202B77D4F7001153DA /* ImagrPicker.swift */,
			);
			path = Common;
			sourceTree = "<group>";
		};
		ADBA064E2B70F769004BCF69 /* Font */ = {
			isa = PBXGroup;
			children = (
				ADBA064F2B70F7DA004BCF69 /* Montserrat */,
			);
			path = Font;
			sourceTree = "<group>";
		};
		ADBA064F2B70F7DA004BCF69 /* Montserrat */ = {
			isa = PBXGroup;
			children = (
				ADBA06502B70F7DA004BCF69 /* Montserrat-LightItalic.ttf */,
				ADBA06512B70F7DA004BCF69 /* Montserrat-Medium.ttf */,
				ADBA06522B70F7DA004BCF69 /* Montserrat-BoldItalic.ttf */,
				ADBA06532B70F7DA004BCF69 /* Montserrat-Light.ttf */,
				ADBA06542B70F7DA004BCF69 /* Montserrat-ThinItalic.ttf */,
				ADBA06552B70F7DA004BCF69 /* Montserrat-ExtraLight.ttf */,
				ADBA06562B70F7DA004BCF69 /* Montserrat-Thin.ttf */,
				ADBA06572B70F7DA004BCF69 /* Montserrat-Bold.ttf */,
				ADBA06582B70F7DA004BCF69 /* Montserrat-MediumItalic.ttf */,
				ADBA06592B70F7DA004BCF69 /* Montserrat-BlackItalic.ttf */,
				ADBA065A2B70F7DA004BCF69 /* Montserrat-SemiBold.ttf */,
				ADBA065B2B70F7DA004BCF69 /* Montserrat-ExtraLightItalic.ttf */,
				ADBA065C2B70F7DA004BCF69 /* Montserrat-ExtraBold.ttf */,
				ADBA065D2B70F7DA004BCF69 /* Montserrat-Black.ttf */,
				ADBA065E2B70F7DA004BCF69 /* Montserrat-Regular.ttf */,
				ADBA065F2B70F7DA004BCF69 /* Montserrat-Italic.ttf */,
				ADBA06602B70F7DA004BCF69 /* Montserrat-SemiBoldItalic.ttf */,
				ADBA06612B70F7DA004BCF69 /* Montserrat-ExtraBoldItalic.ttf */,
			);
			path = Montserrat;
			sourceTree = "<group>";
		};
/* End PBXGroup section */

/* Begin PBXNativeTarget section */
		AD57534F2B52BA3300FA7683 /* IArabic */ = {
			isa = PBXNativeTarget;
			buildConfigurationList = AD5753632B52BA3400FA7683 /* Build configuration list for PBXNativeTarget "IArabic" */;
			buildPhases = (
				AD57534C2B52BA3300FA7683 /* Sources */,
				AD57534D2B52BA3300FA7683 /* Frameworks */,
				AD57534E2B52BA3300FA7683 /* Resources */,
			);
			buildRules = (
			);
			dependencies = (
			);
			name = IArabic;
			packageProductDependencies = (
				AD00720F2B7575B100E14C34 /* KeychainSwift */,
				AD4A2DE62B76822100A5B5A7 /* SDWebImageSwiftUI */,
			);
			productName = IArabic;
			productReference = AD5753502B52BA3300FA7683 /* IArabic.app */;
			productType = "com.apple.product-type.application";
		};
/* End PBXNativeTarget section */

/* Begin PBXProject section */
		AD5753482B52BA3300FA7683 /* Project object */ = {
			isa = PBXProject;
			attributes = {
				BuildIndependentTargetsInParallel = 1;
				LastSwiftUpdateCheck = 1500;
				LastUpgradeCheck = 1500;
				TargetAttributes = {
					AD57534F2B52BA3300FA7683 = {
						CreatedOnToolsVersion = 15.0;
					};
				};
			};
			buildConfigurationList = AD57534B2B52BA3300FA7683 /* Build configuration list for PBXProject "IArabic" */;
			compatibilityVersion = "Xcode 14.0";
			developmentRegion = en;
			hasScannedForEncodings = 0;
			knownRegions = (
				en,
				Base,
			);
			mainGroup = AD5753472B52BA3300FA7683;
			packageReferences = (
				AD00720E2B7575B100E14C34 /* XCRemoteSwiftPackageReference "keychain-swift" */,
				AD4A2DE52B76822100A5B5A7 /* XCRemoteSwiftPackageReference "SDWebImageSwiftUI" */,
			);
			productRefGroup = AD5753512B52BA3300FA7683 /* Products */;
			projectDirPath = "";
			projectRoot = "";
			targets = (
				AD57534F2B52BA3300FA7683 /* IArabic */,
			);
		};
/* End PBXProject section */

/* Begin PBXResourcesBuildPhase section */
		AD57534E2B52BA3300FA7683 /* Resources */ = {
			isa = PBXResourcesBuildPhase;
			buildActionMask = 2147483647;
			files = (
				ADBA06722B70F7DA004BCF69 /* Montserrat-SemiBoldItalic.ttf in Resources */,
				ADBA066A2B70F7DA004BCF69 /* Montserrat-MediumItalic.ttf in Resources */,
				ADBA06692B70F7DA004BCF69 /* Montserrat-Bold.ttf in Resources */,
				ADBA06702B70F7DA004BCF69 /* Montserrat-Regular.ttf in Resources */,
				ADBA066C2B70F7DA004BCF69 /* Montserrat-SemiBold.ttf in Resources */,
				ADBA06652B70F7DA004BCF69 /* Montserrat-Light.ttf in Resources */,
				ADBA06682B70F7DA004BCF69 /* Montserrat-Thin.ttf in Resources */,
				ADBA06662B70F7DA004BCF69 /* Montserrat-ThinItalic.ttf in Resources */,
				AD57535B2B52BA3400FA7683 /* Preview Assets.xcassets in Resources */,
				AD5753582B52BA3400FA7683 /* Assets.xcassets in Resources */,
				ADBA06632B70F7DA004BCF69 /* Montserrat-Medium.ttf in Resources */,
				ADBA066F2B70F7DA004BCF69 /* Montserrat-Black.ttf in Resources */,
				ADBA06672B70F7DA004BCF69 /* Montserrat-ExtraLight.ttf in Resources */,
				ADBA066E2B70F7DA004BCF69 /* Montserrat-ExtraBold.ttf in Resources */,
				ADBA066B2B70F7DA004BCF69 /* Montserrat-BlackItalic.ttf in Resources */,
				ADBA06642B70F7DA004BCF69 /* Montserrat-BoldItalic.ttf in Resources */,
				ADBA06712B70F7DA004BCF69 /* Montserrat-Italic.ttf in Resources */,
				ADBA06732B70F7DA004BCF69 /* Montserrat-ExtraBoldItalic.ttf in Resources */,
				ADBA06622B70F7DA004BCF69 /* Montserrat-LightItalic.ttf in Resources */,
				ADBA066D2B70F7DA004BCF69 /* Montserrat-ExtraLightItalic.ttf in Resources */,
			);
			runOnlyForDeploymentPostprocessing = 0;
		};
/* End PBXResourcesBuildPhase section */

/* Begin PBXSourcesBuildPhase section */
		AD57534C2B52BA3300FA7683 /* Sources */ = {
			isa = PBXSourcesBuildPhase;
			buildActionMask = 2147483647;
			files = (
				AD57535D2B52BA3400FA7683 /* Persistence.swift in Sources */,
				AD1499652B72954E007DAB97 /* TestScen.swift in Sources */,
				AD00720D2B75754400E14C34 /* Network.swift in Sources */,
				ADB892542B5BD24D0001C18C /* CardWordsModel.swift in Sources */,
				AD4A2DE42B766D9300A5B5A7 /* CoreDataManager.swift in Sources */,
				AD59A9C22B73D0DB0061C0E3 /* NewWordView.swift in Sources */,
				AD47DA812B70190C0041C460 /* CardWordsView.swift in Sources */,
				ADA7950B2B52C347003B14A9 /* Tab.swift in Sources */,
				ADB0FC212B77D4F7001153DA /* ImagrPicker.swift in Sources */,
				ADBA06782B70FB2F004BCF69 /* Ext+Fonts.swift in Sources */,
				AD4A2DEA2B76CD6800A5B5A7 /* SnapCarousel.swift in Sources */,
				AD5753562B52BA3300FA7683 /* ContentView.swift in Sources */,
				AD5753542B52BA3300FA7683 /* IArabicApp.swift in Sources */,
				ADB0FC232B77F3E7001153DA /* NewWordViewCustomView.swift in Sources */,
				ADB0FC262B780909001153DA /* NewWordViewModel.swift in Sources */,
				ADB0FC292B7818AC001153DA /* Keys.swift in Sources */,
				AD5753602B52BA3400FA7683 /* IArabic.xcdatamodeld in Sources */,
				ADBA06762B70FA25004BCF69 /* Ext+Color.swift in Sources */,
				AD00720B2B755A0700E14C34 /* StatusCode.swift in Sources */,
				AD47DA7F2B700EF90041C460 /* CardWordsItem.swift in Sources */,
				ADA795072B52C269003B14A9 /* CustomTabBar.swift in Sources */,
				ADA795042B52C044003B14A9 /* CardsWordsRow.swift in Sources */,
			);
			runOnlyForDeploymentPostprocessing = 0;
		};
/* End PBXSourcesBuildPhase section */

/* Begin XCBuildConfiguration section */
		AD5753612B52BA3400FA7683 /* Debug */ = {
			isa = XCBuildConfiguration;
			buildSettings = {
				ALWAYS_SEARCH_USER_PATHS = NO;
				ASSETCATALOG_COMPILER_GENERATE_SWIFT_ASSET_SYMBOL_EXTENSIONS = YES;
				CLANG_ANALYZER_NONNULL = YES;
				CLANG_ANALYZER_NUMBER_OBJECT_CONVERSION = YES_AGGRESSIVE;
				CLANG_CXX_LANGUAGE_STANDARD = "gnu++20";
				CLANG_ENABLE_MODULES = YES;
				CLANG_ENABLE_OBJC_ARC = YES;
				CLANG_ENABLE_OBJC_WEAK = YES;
				CLANG_WARN_BLOCK_CAPTURE_AUTORELEASING = YES;
				CLANG_WARN_BOOL_CONVERSION = YES;
				CLANG_WARN_COMMA = YES;
				CLANG_WARN_CONSTANT_CONVERSION = YES;
				CLANG_WARN_DEPRECATED_OBJC_IMPLEMENTATIONS = YES;
				CLANG_WARN_DIRECT_OBJC_ISA_USAGE = YES_ERROR;
				CLANG_WARN_DOCUMENTATION_COMMENTS = YES;
				CLANG_WARN_EMPTY_BODY = YES;
				CLANG_WARN_ENUM_CONVERSION = YES;
				CLANG_WARN_INFINITE_RECURSION = YES;
				CLANG_WARN_INT_CONVERSION = YES;
				CLANG_WARN_NON_LITERAL_NULL_CONVERSION = YES;
				CLANG_WARN_OBJC_IMPLICIT_RETAIN_SELF = YES;
				CLANG_WARN_OBJC_LITERAL_CONVERSION = YES;
				CLANG_WARN_OBJC_ROOT_CLASS = YES_ERROR;
				CLANG_WARN_QUOTED_INCLUDE_IN_FRAMEWORK_HEADER = YES;
				CLANG_WARN_RANGE_LOOP_ANALYSIS = YES;
				CLANG_WARN_STRICT_PROTOTYPES = YES;
				CLANG_WARN_SUSPICIOUS_MOVE = YES;
				CLANG_WARN_UNGUARDED_AVAILABILITY = YES_AGGRESSIVE;
				CLANG_WARN_UNREACHABLE_CODE = YES;
				CLANG_WARN__DUPLICATE_METHOD_MATCH = YES;
				COPY_PHASE_STRIP = NO;
				DEBUG_INFORMATION_FORMAT = dwarf;
				ENABLE_STRICT_OBJC_MSGSEND = YES;
				ENABLE_TESTABILITY = YES;
				ENABLE_USER_SCRIPT_SANDBOXING = YES;
				GCC_C_LANGUAGE_STANDARD = gnu17;
				GCC_DYNAMIC_NO_PIC = NO;
				GCC_NO_COMMON_BLOCKS = YES;
				GCC_OPTIMIZATION_LEVEL = 0;
				GCC_PREPROCESSOR_DEFINITIONS = (
					"DEBUG=1",
					"$(inherited)",
				);
				GCC_WARN_64_TO_32_BIT_CONVERSION = YES;
				GCC_WARN_ABOUT_RETURN_TYPE = YES_ERROR;
				GCC_WARN_UNDECLARED_SELECTOR = YES;
				GCC_WARN_UNINITIALIZED_AUTOS = YES_AGGRESSIVE;
				GCC_WARN_UNUSED_FUNCTION = YES;
				GCC_WARN_UNUSED_VARIABLE = YES;
				IPHONEOS_DEPLOYMENT_TARGET = 17.0;
				LOCALIZATION_PREFERS_STRING_CATALOGS = YES;
				MTL_ENABLE_DEBUG_INFO = INCLUDE_SOURCE;
				MTL_FAST_MATH = YES;
				ONLY_ACTIVE_ARCH = YES;
				SDKROOT = iphoneos;
				SWIFT_ACTIVE_COMPILATION_CONDITIONS = "DEBUG $(inherited)";
				SWIFT_OPTIMIZATION_LEVEL = "-Onone";
			};
			name = Debug;
		};
		AD5753622B52BA3400FA7683 /* Release */ = {
			isa = XCBuildConfiguration;
			buildSettings = {
				ALWAYS_SEARCH_USER_PATHS = NO;
				ASSETCATALOG_COMPILER_GENERATE_SWIFT_ASSET_SYMBOL_EXTENSIONS = YES;
				CLANG_ANALYZER_NONNULL = YES;
				CLANG_ANALYZER_NUMBER_OBJECT_CONVERSION = YES_AGGRESSIVE;
				CLANG_CXX_LANGUAGE_STANDARD = "gnu++20";
				CLANG_ENABLE_MODULES = YES;
				CLANG_ENABLE_OBJC_ARC = YES;
				CLANG_ENABLE_OBJC_WEAK = YES;
				CLANG_WARN_BLOCK_CAPTURE_AUTORELEASING = YES;
				CLANG_WARN_BOOL_CONVERSION = YES;
				CLANG_WARN_COMMA = YES;
				CLANG_WARN_CONSTANT_CONVERSION = YES;
				CLANG_WARN_DEPRECATED_OBJC_IMPLEMENTATIONS = YES;
				CLANG_WARN_DIRECT_OBJC_ISA_USAGE = YES_ERROR;
				CLANG_WARN_DOCUMENTATION_COMMENTS = YES;
				CLANG_WARN_EMPTY_BODY = YES;
				CLANG_WARN_ENUM_CONVERSION = YES;
				CLANG_WARN_INFINITE_RECURSION = YES;
				CLANG_WARN_INT_CONVERSION = YES;
				CLANG_WARN_NON_LITERAL_NULL_CONVERSION = YES;
				CLANG_WARN_OBJC_IMPLICIT_RETAIN_SELF = YES;
				CLANG_WARN_OBJC_LITERAL_CONVERSION = YES;
				CLANG_WARN_OBJC_ROOT_CLASS = YES_ERROR;
				CLANG_WARN_QUOTED_INCLUDE_IN_FRAMEWORK_HEADER = YES;
				CLANG_WARN_RANGE_LOOP_ANALYSIS = YES;
				CLANG_WARN_STRICT_PROTOTYPES = YES;
				CLANG_WARN_SUSPICIOUS_MOVE = YES;
				CLANG_WARN_UNGUARDED_AVAILABILITY = YES_AGGRESSIVE;
				CLANG_WARN_UNREACHABLE_CODE = YES;
				CLANG_WARN__DUPLICATE_METHOD_MATCH = YES;
				COPY_PHASE_STRIP = NO;
				DEBUG_INFORMATION_FORMAT = "dwarf-with-dsym";
				ENABLE_NS_ASSERTIONS = NO;
				ENABLE_STRICT_OBJC_MSGSEND = YES;
				ENABLE_USER_SCRIPT_SANDBOXING = YES;
				GCC_C_LANGUAGE_STANDARD = gnu17;
				GCC_NO_COMMON_BLOCKS = YES;
				GCC_WARN_64_TO_32_BIT_CONVERSION = YES;
				GCC_WARN_ABOUT_RETURN_TYPE = YES_ERROR;
				GCC_WARN_UNDECLARED_SELECTOR = YES;
				GCC_WARN_UNINITIALIZED_AUTOS = YES_AGGRESSIVE;
				GCC_WARN_UNUSED_FUNCTION = YES;
				GCC_WARN_UNUSED_VARIABLE = YES;
				IPHONEOS_DEPLOYMENT_TARGET = 17.0;
				LOCALIZATION_PREFERS_STRING_CATALOGS = YES;
				MTL_ENABLE_DEBUG_INFO = NO;
				MTL_FAST_MATH = YES;
				SDKROOT = iphoneos;
				SWIFT_COMPILATION_MODE = wholemodule;
				VALIDATE_PRODUCT = YES;
			};
			name = Release;
		};
		AD5753642B52BA3400FA7683 /* Debug */ = {
			isa = XCBuildConfiguration;
			buildSettings = {
				ASSETCATALOG_COMPILER_APPICON_NAME = AppIcon;
				ASSETCATALOG_COMPILER_GLOBAL_ACCENT_COLOR_NAME = AccentColor;
				CODE_SIGN_STYLE = Automatic;
				CURRENT_PROJECT_VERSION = 1;
				DEVELOPMENT_ASSET_PATHS = "\"IArabic/Preview Content\"";
				ENABLE_PREVIEWS = YES;
				GENERATE_INFOPLIST_FILE = YES;
				INFOPLIST_FILE = IArabic/Info.plist;
				INFOPLIST_KEY_LSApplicationCategoryType = "";
				INFOPLIST_KEY_UIApplicationSupportsIndirectInputEvents = YES;
				INFOPLIST_KEY_UILaunchScreen_Generation = YES;
				INFOPLIST_KEY_UISupportedInterfaceOrientations_iPad = "UIInterfaceOrientationPortrait UIInterfaceOrientationPortraitUpsideDown UIInterfaceOrientationLandscapeLeft UIInterfaceOrientationLandscapeRight";
				INFOPLIST_KEY_UISupportedInterfaceOrientations_iPhone = "UIInterfaceOrientationPortrait UIInterfaceOrientationLandscapeLeft UIInterfaceOrientationLandscapeRight";
				IPHONEOS_DEPLOYMENT_TARGET = 16.0;
				LD_RUNPATH_SEARCH_PATHS = (
					"$(inherited)",
					"@executable_path/Frameworks",
				);
				MARKETING_VERSION = 1.0;
				PRODUCT_BUNDLE_IDENTIFIER = RamazanGasratov.IArabic;
				PRODUCT_NAME = "$(TARGET_NAME)";
				SWIFT_EMIT_LOC_STRINGS = YES;
				SWIFT_VERSION = 5.0;
				TARGETED_DEVICE_FAMILY = "1,2";
			};
			name = Debug;
		};
		AD5753652B52BA3400FA7683 /* Release */ = {
			isa = XCBuildConfiguration;
			buildSettings = {
				ASSETCATALOG_COMPILER_APPICON_NAME = AppIcon;
				ASSETCATALOG_COMPILER_GLOBAL_ACCENT_COLOR_NAME = AccentColor;
				CODE_SIGN_STYLE = Automatic;
				CURRENT_PROJECT_VERSION = 1;
				DEVELOPMENT_ASSET_PATHS = "\"IArabic/Preview Content\"";
				ENABLE_PREVIEWS = YES;
				GENERATE_INFOPLIST_FILE = YES;
				INFOPLIST_FILE = IArabic/Info.plist;
				INFOPLIST_KEY_LSApplicationCategoryType = "";
				INFOPLIST_KEY_UIApplicationSupportsIndirectInputEvents = YES;
				INFOPLIST_KEY_UILaunchScreen_Generation = YES;
				INFOPLIST_KEY_UISupportedInterfaceOrientations_iPad = "UIInterfaceOrientationPortrait UIInterfaceOrientationPortraitUpsideDown UIInterfaceOrientationLandscapeLeft UIInterfaceOrientationLandscapeRight";
				INFOPLIST_KEY_UISupportedInterfaceOrientations_iPhone = "UIInterfaceOrientationPortrait UIInterfaceOrientationLandscapeLeft UIInterfaceOrientationLandscapeRight";
				IPHONEOS_DEPLOYMENT_TARGET = 16.0;
				LD_RUNPATH_SEARCH_PATHS = (
					"$(inherited)",
					"@executable_path/Frameworks",
				);
				MARKETING_VERSION = 1.0;
				PRODUCT_BUNDLE_IDENTIFIER = RamazanGasratov.IArabic;
				PRODUCT_NAME = "$(TARGET_NAME)";
				SWIFT_EMIT_LOC_STRINGS = YES;
				SWIFT_VERSION = 5.0;
				TARGETED_DEVICE_FAMILY = "1,2";
			};
			name = Release;
		};
/* End XCBuildConfiguration section */

/* Begin XCConfigurationList section */
		AD57534B2B52BA3300FA7683 /* Build configuration list for PBXProject "IArabic" */ = {
			isa = XCConfigurationList;
			buildConfigurations = (
				AD5753612B52BA3400FA7683 /* Debug */,
				AD5753622B52BA3400FA7683 /* Release */,
			);
			defaultConfigurationIsVisible = 0;
			defaultConfigurationName = Release;
		};
		AD5753632B52BA3400FA7683 /* Build configuration list for PBXNativeTarget "IArabic" */ = {
			isa = XCConfigurationList;
			buildConfigurations = (
				AD5753642B52BA3400FA7683 /* Debug */,
				AD5753652B52BA3400FA7683 /* Release */,
			);
			defaultConfigurationIsVisible = 0;
			defaultConfigurationName = Release;
		};
/* End XCConfigurationList section */

/* Begin XCRemoteSwiftPackageReference section */
		AD00720E2B7575B100E14C34 /* XCRemoteSwiftPackageReference "keychain-swift" */ = {
			isa = XCRemoteSwiftPackageReference;
			repositoryURL = "https://github.com/evgenyneu/keychain-swift.git";
			requirement = {
				kind = upToNextMajorVersion;
				minimumVersion = 21.0.0;
			};
		};
		AD4A2DE52B76822100A5B5A7 /* XCRemoteSwiftPackageReference "SDWebImageSwiftUI" */ = {
			isa = XCRemoteSwiftPackageReference;
			repositoryURL = "https://github.com/SDWebImage/SDWebImageSwiftUI.git";
			requirement = {
				kind = upToNextMajorVersion;
				minimumVersion = 2.2.6;
			};
		};
/* End XCRemoteSwiftPackageReference section */

/* Begin XCSwiftPackageProductDependency section */
		AD00720F2B7575B100E14C34 /* KeychainSwift */ = {
			isa = XCSwiftPackageProductDependency;
			package = AD00720E2B7575B100E14C34 /* XCRemoteSwiftPackageReference "keychain-swift" */;
			productName = KeychainSwift;
		};
		AD4A2DE62B76822100A5B5A7 /* SDWebImageSwiftUI */ = {
			isa = XCSwiftPackageProductDependency;
			package = AD4A2DE52B76822100A5B5A7 /* XCRemoteSwiftPackageReference "SDWebImageSwiftUI" */;
			productName = SDWebImageSwiftUI;
		};
/* End XCSwiftPackageProductDependency section */

/* Begin XCVersionGroup section */
		AD57535E2B52BA3400FA7683 /* IArabic.xcdatamodeld */ = {
			isa = XCVersionGroup;
			children = (
				AD57535F2B52BA3400FA7683 /* IArabic.xcdatamodel */,
			);
			currentVersion = AD57535F2B52BA3400FA7683 /* IArabic.xcdatamodel */;
			path = IArabic.xcdatamodeld;
			sourceTree = "<group>";
			versionGroupType = wrapper.xcdatamodel;
		};
/* End XCVersionGroup section */
	};
	rootObject = AD5753482B52BA3300FA7683 /* Project object */;
}
